
Microsoft Visual Studio Solution File, Format Version 12.00
# Visual Studio Version 17
VisualStudioVersion = 17.4.33403.182
MinimumVisualStudioVersion = 10.0.40219.1
Project("{FAE04EC0-301F-11D3-BF4B-00C04F79EFBC}") = "Storefront.UI.MVC", "Storefront.UI.MVC\Storefront.UI.MVC.csproj", "{945F3ACD-BDB4-4847-A01D-98446C730CE1}"
EndProject
Global
	GlobalSection(SolutionConfigurationPlatforms) = preSolution
		Debug|Any CPU = Debug|Any CPU
		Release|Any CPU = Release|Any CPU
	EndGlobalSection
	GlobalSection(ProjectConfigurationPlatforms) = postSolution
		{945F3ACD-BDB4-4847-A01D-98446C730CE1}.Debug|Any CPU.ActiveCfg = Debug|Any CPU
		{945F3ACD-BDB4-4847-A01D-98446C730CE1}.Debug|Any CPU.Build.0 = Debug|Any CPU
		{945F3ACD-BDB4-4847-A01D-98446C730CE1}.Release|Any CPU.ActiveCfg = Release|Any CPU
		{945F3ACD-BDB4-4847-A01D-98446C730CE1}.Release|Any CPU.Build.0 = Release|Any CPU
	EndGlobalSection
	GlobalSection(SolutionProperties) = preSolution
		HideSolutionNode = FALSE
	EndGlobalSection
	GlobalSection(ExtensibilityGlobals) = postSolution
		SolutionGuid = {A503EE74-5AD0-478D-A4B5-E5D0C28F87C4}
	EndGlobalSection
EndGlobal
